
Microsoft Visual Studio Solution File, Format Version 12.00
# Visual Studio 2013
VisualStudioVersion = 12.0.30723.0
MinimumVisualStudioVersion = 10.0.40219.1
Project("{FAE04EC0-301F-11D3-BF4B-00C04F79EFBC}") = "PvP.GUI", "PvP.GUI\PvP.GUI.csproj", "{CAA13F09-D505-4DEB-93E3-6ADB9E43F3FD}"
EndProject
Project("{FAE04EC0-301F-11D3-BF4B-00C04F79EFBC}") = "PvP.Api", "PvP.Api\PvP.Api.csproj", "{83F535EE-7346-41EA-93A0-14341753E0C2}"
EndProject
Global
	GlobalSection(SolutionConfigurationPlatforms) = preSolution
		Debug|Any CPU = Debug|Any CPU
		Release|Any CPU = Release|Any CPU
	EndGlobalSection
	GlobalSection(ProjectConfigurationPlatforms) = postSolution
		{CAA13F09-D505-4DEB-93E3-6ADB9E43F3FD}.Debug|Any CPU.ActiveCfg = Debug|Any CPU
		{CAA13F09-D505-4DEB-93E3-6ADB9E43F3FD}.Debug|Any CPU.Build.0 = Debug|Any CPU
		{CAA13F09-D505-4DEB-93E3-6ADB9E43F3FD}.Release|Any CPU.ActiveCfg = Release|Any CPU
		{CAA13F09-D505-4DEB-93E3-6ADB9E43F3FD}.Release|Any CPU.Build.0 = Release|Any CPU
		{83F535EE-7346-41EA-93A0-14341753E0C2}.Debug|Any CPU.ActiveCfg = Debug|Any CPU
		{83F535EE-7346-41EA-93A0-14341753E0C2}.Debug|Any CPU.Build.0 = Debug|Any CPU
		{83F535EE-7346-41EA-93A0-14341753E0C2}.Release|Any CPU.ActiveCfg = Release|Any CPU
		{83F535EE-7346-41EA-93A0-14341753E0C2}.Release|Any CPU.Build.0 = Release|Any CPU
	EndGlobalSection
	GlobalSection(SolutionProperties) = preSolution
		HideSolutionNode = FALSE
	EndGlobalSection
EndGlobal
